
Microsoft Visual Studio Solution File, Format Version 12.00
# Visual Studio Version 16
VisualStudioVersion = 16.0.33027.164
MinimumVisualStudioVersion = 10.0.40219.1
Project("{FAE04EC0-301F-11D3-BF4B-00C04F79EFBC}") = "WPFBanka", "WPFBanka\WPFBanka.csproj", "{97A79ABF-8025-48E9-A4FA-2E14845F3A8D}"
EndProject
Global
	GlobalSection(SolutionConfigurationPlatforms) = preSolution
		Debug|Any CPU = Debug|Any CPU
		Release|Any CPU = Release|Any CPU
	EndGlobalSection
	GlobalSection(ProjectConfigurationPlatforms) = postSolution
		{97A79ABF-8025-48E9-A4FA-2E14845F3A8D}.Debug|Any CPU.ActiveCfg = Debug|Any CPU
		{97A79ABF-8025-48E9-A4FA-2E14845F3A8D}.Debug|Any CPU.Build.0 = Debug|Any CPU
		{97A79ABF-8025-48E9-A4FA-2E14845F3A8D}.Release|Any CPU.ActiveCfg = Release|Any CPU
		{97A79ABF-8025-48E9-A4FA-2E14845F3A8D}.Release|Any CPU.Build.0 = Release|Any CPU
	EndGlobalSection
	GlobalSection(SolutionProperties) = preSolution
		HideSolutionNode = FALSE
	EndGlobalSection
	GlobalSection(ExtensibilityGlobals) = postSolution
		SolutionGuid = {A0B0A6EA-51F3-4F75-B0AB-29521A8DA01B}
	EndGlobalSection
EndGlobal
